
Microsoft Visual Studio Solution File, Format Version 12.00
# Visual Studio Version 17
VisualStudioVersion = 17.9.34607.119
MinimumVisualStudioVersion = 10.0.40219.1
Project("{9A19103F-16F7-4668-BE54-9A1E7A4F7556}") = "DonutShop", "DonutShop\DonutShop.csproj", "{7A6762E7-4CFA-4BAA-B350-55087F21A06D}"
EndProject
Global
	GlobalSection(SolutionConfigurationPlatforms) = preSolution
		Debug|Any CPU = Debug|Any CPU
		Release|Any CPU = Release|Any CPU
	EndGlobalSection
	GlobalSection(ProjectConfigurationPlatforms) = postSolution
		{7A6762E7-4CFA-4BAA-B350-55087F21A06D}.Debug|Any CPU.ActiveCfg = Debug|Any CPU
		{7A6762E7-4CFA-4BAA-B350-55087F21A06D}.Debug|Any CPU.Build.0 = Debug|Any CPU
		{7A6762E7-4CFA-4BAA-B350-55087F21A06D}.Release|Any CPU.ActiveCfg = Release|Any CPU
		{7A6762E7-4CFA-4BAA-B350-55087F21A06D}.Release|Any CPU.Build.0 = Release|Any CPU
	EndGlobalSection
	GlobalSection(SolutionProperties) = preSolution
		HideSolutionNode = FALSE
	EndGlobalSection
	GlobalSection(ExtensibilityGlobals) = postSolution
		SolutionGuid = {9A9AF46F-DD35-4161-A063-458587B7A5F3}
	EndGlobalSection
EndGlobal
